
Microsoft Visual Studio Solution File, Format Version 11.00
# Visual Studio 2010
Project("{FAE04EC0-301F-11D3-BF4B-00C04F79EFBC}") = "Automator", "Automator\Automator.csproj", "{4C6447C9-E672-43D3-99EA-861D240E14FA}"
EndProject
Project("{FAE04EC0-301F-11D3-BF4B-00C04F79EFBC}") = "Automator.UI", "Automator.UI\Automator.UI.csproj", "{F2152791-7117-489E-8130-C0AC7C802502}"
EndProject
Global
	GlobalSection(SolutionConfigurationPlatforms) = preSolution
		Debug|Any CPU = Debug|Any CPU
		Debug|Mixed Platforms = Debug|Mixed Platforms
		Debug|x86 = Debug|x86
		Release|Any CPU = Release|Any CPU
		Release|Mixed Platforms = Release|Mixed Platforms
		Release|x86 = Release|x86
	EndGlobalSection
	GlobalSection(ProjectConfigurationPlatforms) = postSolution
		{4C6447C9-E672-43D3-99EA-861D240E14FA}.Debug|Any CPU.ActiveCfg = Debug|Any CPU
		{4C6447C9-E672-43D3-99EA-861D240E14FA}.Debug|Any CPU.Build.0 = Debug|Any CPU
		{4C6447C9-E672-43D3-99EA-861D240E14FA}.Debug|Mixed Platforms.ActiveCfg = Debug|Any CPU
		{4C6447C9-E672-43D3-99EA-861D240E14FA}.Debug|Mixed Platforms.Build.0 = Debug|Any CPU
		{4C6447C9-E672-43D3-99EA-861D240E14FA}.Debug|x86.ActiveCfg = Debug|Any CPU
		{4C6447C9-E672-43D3-99EA-861D240E14FA}.Release|Any CPU.ActiveCfg = Release|Any CPU
		{4C6447C9-E672-43D3-99EA-861D240E14FA}.Release|Any CPU.Build.0 = Release|Any CPU
		{4C6447C9-E672-43D3-99EA-861D240E14FA}.Release|Mixed Platforms.ActiveCfg = Release|Any CPU
		{4C6447C9-E672-43D3-99EA-861D240E14FA}.Release|Mixed Platforms.Build.0 = Release|Any CPU
		{4C6447C9-E672-43D3-99EA-861D240E14FA}.Release|x86.ActiveCfg = Release|Any CPU
		{F2152791-7117-489E-8130-C0AC7C802502}.Debug|Any CPU.ActiveCfg = Debug|x86
		{F2152791-7117-489E-8130-C0AC7C802502}.Debug|Mixed Platforms.ActiveCfg = Debug|x86
		{F2152791-7117-489E-8130-C0AC7C802502}.Debug|Mixed Platforms.Build.0 = Debug|x86
		{F2152791-7117-489E-8130-C0AC7C802502}.Debug|x86.ActiveCfg = Debug|x86
		{F2152791-7117-489E-8130-C0AC7C802502}.Debug|x86.Build.0 = Debug|x86
		{F2152791-7117-489E-8130-C0AC7C802502}.Release|Any CPU.ActiveCfg = Release|x86
		{F2152791-7117-489E-8130-C0AC7C802502}.Release|Mixed Platforms.ActiveCfg = Release|x86
		{F2152791-7117-489E-8130-C0AC7C802502}.Release|Mixed Platforms.Build.0 = Release|x86
		{F2152791-7117-489E-8130-C0AC7C802502}.Release|x86.ActiveCfg = Release|x86
		{F2152791-7117-489E-8130-C0AC7C802502}.Release|x86.Build.0 = Release|x86
	EndGlobalSection
	GlobalSection(SolutionProperties) = preSolution
		HideSolutionNode = FALSE
	EndGlobalSection
EndGlobal
